
Microsoft Visual Studio Solution File, Format Version 12.00
# Visual Studio 2015
Project("{FAE04EC0-301F-11D3-BF4B-00C04F79EFBC}") = "Ludum Dare 34.CSharp", "Ludum Dare 34.CSharp.csproj", "{48A7114A-9446-8765-8EA1-D80A1D9DA441}"
EndProject
Project("{FAE04EC0-301F-11D3-BF4B-00C04F79EFBC}") = "Ludum Dare 34.CSharp.Editor", "Ludum Dare 34.CSharp.Editor.csproj", "{7E42C7B4-B7F4-1E9E-DEC7-54CB8144BAB9}"
EndProject
Global
	GlobalSection(SolutionConfigurationPlatforms) = preSolution
		Debug|Any CPU = Debug|Any CPU
		Release|Any CPU = Release|Any CPU
	EndGlobalSection
	GlobalSection(ProjectConfigurationPlatforms) = postSolution
		{48A7114A-9446-8765-8EA1-D80A1D9DA441}.Debug|Any CPU.ActiveCfg = Debug|Any CPU
		{48A7114A-9446-8765-8EA1-D80A1D9DA441}.Debug|Any CPU.Build.0 = Debug|Any CPU
		{48A7114A-9446-8765-8EA1-D80A1D9DA441}.Release|Any CPU.ActiveCfg = Release|Any CPU
		{48A7114A-9446-8765-8EA1-D80A1D9DA441}.Release|Any CPU.Build.0 = Release|Any CPU
		{7E42C7B4-B7F4-1E9E-DEC7-54CB8144BAB9}.Debug|Any CPU.ActiveCfg = Debug|Any CPU
		{7E42C7B4-B7F4-1E9E-DEC7-54CB8144BAB9}.Debug|Any CPU.Build.0 = Debug|Any CPU
		{7E42C7B4-B7F4-1E9E-DEC7-54CB8144BAB9}.Release|Any CPU.ActiveCfg = Release|Any CPU
		{7E42C7B4-B7F4-1E9E-DEC7-54CB8144BAB9}.Release|Any CPU.Build.0 = Release|Any CPU
	EndGlobalSection
	GlobalSection(SolutionProperties) = preSolution
		HideSolutionNode = FALSE
	EndGlobalSection
EndGlobal
